
Microsoft Visual Studio Solution File, Format Version 12.00
# Visual Studio 14
VisualStudioVersion = 14.0.25420.1
MinimumVisualStudioVersion = 10.0.40219.1
Project("{FAE04EC0-301F-11D3-BF4B-00C04F79EFBC}") = "VinylRecordShop", "VinylRecordShop\VinylRecordShop.csproj", "{59D9E2B8-A79B-4A30-B74A-A44DD2AFE281}"
EndProject
Project("{FAE04EC0-301F-11D3-BF4B-00C04F79EFBC}") = "VinylRecordShop.Model", "VinylRecodShop.Model\VinylRecordShop.Model.csproj", "{E0899059-7CC2-4349-A92B-A54BF8701262}"
EndProject
Project("{FAE04EC0-301F-11D3-BF4B-00C04F79EFBC}") = "VinylRecordShop.Services", "VinylRecordShop.Services\VinylRecordShop.Services.csproj", "{5D03552D-9589-47A1-B427-F3F046E3A9C5}"
EndProject
Global
	GlobalSection(SolutionConfigurationPlatforms) = preSolution
		Debug|Any CPU = Debug|Any CPU
		Release|Any CPU = Release|Any CPU
	EndGlobalSection
	GlobalSection(ProjectConfigurationPlatforms) = postSolution
		{59D9E2B8-A79B-4A30-B74A-A44DD2AFE281}.Debug|Any CPU.ActiveCfg = Debug|Any CPU
		{59D9E2B8-A79B-4A30-B74A-A44DD2AFE281}.Debug|Any CPU.Build.0 = Debug|Any CPU
		{59D9E2B8-A79B-4A30-B74A-A44DD2AFE281}.Release|Any CPU.ActiveCfg = Release|Any CPU
		{59D9E2B8-A79B-4A30-B74A-A44DD2AFE281}.Release|Any CPU.Build.0 = Release|Any CPU
		{E0899059-7CC2-4349-A92B-A54BF8701262}.Debug|Any CPU.ActiveCfg = Debug|Any CPU
		{E0899059-7CC2-4349-A92B-A54BF8701262}.Debug|Any CPU.Build.0 = Debug|Any CPU
		{E0899059-7CC2-4349-A92B-A54BF8701262}.Release|Any CPU.ActiveCfg = Release|Any CPU
		{E0899059-7CC2-4349-A92B-A54BF8701262}.Release|Any CPU.Build.0 = Release|Any CPU
		{5D03552D-9589-47A1-B427-F3F046E3A9C5}.Debug|Any CPU.ActiveCfg = Debug|Any CPU
		{5D03552D-9589-47A1-B427-F3F046E3A9C5}.Debug|Any CPU.Build.0 = Debug|Any CPU
		{5D03552D-9589-47A1-B427-F3F046E3A9C5}.Release|Any CPU.ActiveCfg = Release|Any CPU
		{5D03552D-9589-47A1-B427-F3F046E3A9C5}.Release|Any CPU.Build.0 = Release|Any CPU
	EndGlobalSection
	GlobalSection(SolutionProperties) = preSolution
		HideSolutionNode = FALSE
	EndGlobalSection
EndGlobal
